// !$*UTF8*$!
{
	archiveVersion = 1;
	classes = {
	};
	objectVersion = 55;
	objects = {

/* Begin PBXBuildFile section */
		2C2326642796066900995593 /* Popular.swift in Sources */ = {isa = PBXBuildFile; fileRef = 2C2326632796066900995593 /* Popular.swift */; };
		2C2326692796157400995593 /* Details.swift in Sources */ = {isa = PBXBuildFile; fileRef = 2C2326682796157400995593 /* Details.swift */; };
		2C8233B9278EE43D00AD1DC1 /* DetailsView.swift in Sources */ = {isa = PBXBuildFile; fileRef = 2C8233B8278EE43D00AD1DC1 /* DetailsView.swift */; };
		2C8233BB278EE44C00AD1DC1 /* ExploreView.swift in Sources */ = {isa = PBXBuildFile; fileRef = 2C8233BA278EE44C00AD1DC1 /* ExploreView.swift */; };
		2CA5726C278CE65B00AEFDDB /* AirBooking_SwiftUIApp.swift in Sources */ = {isa = PBXBuildFile; fileRef = 2CA5726B278CE65B00AEFDDB /* AirBooking_SwiftUIApp.swift */; };
		2CA5726E278CE65B00AEFDDB /* ContentView.swift in Sources */ = {isa = PBXBuildFile; fileRef = 2CA5726D278CE65B00AEFDDB /* ContentView.swift */; };
		2CA57270278CE65D00AEFDDB /* Assets.xcassets in Resources */ = {isa = PBXBuildFile; fileRef = 2CA5726F278CE65D00AEFDDB /* Assets.xcassets */; };
		2CA57273278CE65D00AEFDDB /* Preview Assets.xcassets in Resources */ = {isa = PBXBuildFile; fileRef = 2CA57272278CE65D00AEFDDB /* Preview Assets.xcassets */; };
		2CA5727A278CE6F700AEFDDB /* LocationView.swift in Sources */ = {isa = PBXBuildFile; fileRef = 2CA57279278CE6F700AEFDDB /* LocationView.swift */; };
		2CA5727C278CE89500AEFDDB /* Location.swift in Sources */ = {isa = PBXBuildFile; fileRef = 2CA5727B278CE89500AEFDDB /* Location.swift */; };
		2CA5727E278CEF1200AEFDDB /* Category.swift in Sources */ = {isa = PBXBuildFile; fileRef = 2CA5727D278CEF1200AEFDDB /* Category.swift */; };
/* End PBXBuildFile section */

/* Begin PBXFileReference section */
		2C2326632796066900995593 /* Popular.swift */ = {isa = PBXFileReference; lastKnownFileType = sourcecode.swift; path = Popular.swift; sourceTree = "<group>"; };
		2C2326682796157400995593 /* Details.swift */ = {isa = PBXFileReference; lastKnownFileType = sourcecode.swift; path = Details.swift; sourceTree = "<group>"; };
		2C8233B8278EE43D00AD1DC1 /* DetailsView.swift */ = {isa = PBXFileReference; lastKnownFileType = sourcecode.swift; path = DetailsView.swift; sourceTree = "<group>"; };
		2C8233BA278EE44C00AD1DC1 /* ExploreView.swift */ = {isa = PBXFileReference; lastKnownFileType = sourcecode.swift; path = ExploreView.swift; sourceTree = "<group>"; };
		2CA57268278CE65B00AEFDDB /* AirBooking-SwiftUI.app */ = {isa = PBXFileReference; explicitFileType = wrapper.application; includeInIndex = 0; path = "AirBooking-SwiftUI.app"; sourceTree = BUILT_PRODUCTS_DIR; };
		2CA5726B278CE65B00AEFDDB /* AirBooking_SwiftUIApp.swift */ = {isa = PBXFileReference; lastKnownFileType = sourcecode.swift; path = AirBooking_SwiftUIApp.swift; sourceTree = "<group>"; };
		2CA5726D278CE65B00AEFDDB /* ContentView.swift */ = {isa = PBXFileReference; lastKnownFileType = sourcecode.swift; path = ContentView.swift; sourceTree = "<group>"; };
		2CA5726F278CE65D00AEFDDB /* Assets.xcassets */ = {isa = PBXFileReference; lastKnownFileType = folder.assetcatalog; path = Assets.xcassets; sourceTree = "<group>"; };
		2CA57272278CE65D00AEFDDB /* Preview Assets.xcassets */ = {isa = PBXFileReference; lastKnownFileType = folder.assetcatalog; path = "Preview Assets.xcassets"; sourceTree = "<group>"; };
		2CA57279278CE6F700AEFDDB /* LocationView.swift */ = {isa = PBXFileReference; lastKnownFileType = sourcecode.swift; path = LocationView.swift; sourceTree = "<group>"; };
		2CA5727B278CE89500AEFDDB /* Location.swift */ = {isa = PBXFileReference; lastKnownFileType = sourcecode.swift; path = Location.swift; sourceTree = "<group>"; };
		2CA5727D278CEF1200AEFDDB /* Category.swift */ = {isa = PBXFileReference; lastKnownFileType = sourcecode.swift; path = Category.swift; sourceTree = "<group>"; };
/* End PBXFileReference section */

/* Begin PBXFrameworksBuildPhase section */
		2CA57265278CE65B00AEFDDB /* Frameworks */ = {
			isa = PBXFrameworksBuildPhase;
			buildActionMask = 2147483647;
			files = (
			);
			runOnlyForDeploymentPostprocessing = 0;
		};
/* End PBXFrameworksBuildPhase section */

/* Begin PBXGroup section */
		2C232665279612DC00995593 /* Location */ = {
			isa = PBXGroup;
			children = (
				2CA57279278CE6F700AEFDDB /* LocationView.swift */,
			);
			path = Location;
			sourceTree = "<group>";
		};
		2C232666279612E900995593 /* Details */ = {
			isa = PBXGroup;
			children = (
				2C8233B8278EE43D00AD1DC1 /* DetailsView.swift */,
			);
			path = Details;
			sourceTree = "<group>";
		};
		2C232667279612F600995593 /* Explore */ = {
			isa = PBXGroup;
			children = (
				2C8233BA278EE44C00AD1DC1 /* ExploreView.swift */,
			);
			path = Explore;
			sourceTree = "<group>";
		};
		2C8233BC278EE48200AD1DC1 /* Library */ = {
			isa = PBXGroup;
			children = (
				2C8233BE278EE4A400AD1DC1 /* Models */,
			);
			path = Library;
			sourceTree = "<group>";
		};
		2C8233BD278EE49100AD1DC1 /* Screens */ = {
			isa = PBXGroup;
			children = (
				2C8233C0278EE4EB00AD1DC1 /* View */,
			);
			path = Screens;
			sourceTree = "<group>";
		};
		2C8233BE278EE4A400AD1DC1 /* Models */ = {
			isa = PBXGroup;
			children = (
				2CA5727B278CE89500AEFDDB /* Location.swift */,
				2C2326632796066900995593 /* Popular.swift */,
				2CA5727D278CEF1200AEFDDB /* Category.swift */,
				2C2326682796157400995593 /* Details.swift */,
			);
			path = Models;
			sourceTree = "<group>";
		};
		2C8233C0278EE4EB00AD1DC1 /* View */ = {
			isa = PBXGroup;
			children = (
				2C8233C3278EE51A00AD1DC1 /* Main */,
				2C232665279612DC00995593 /* Location */,
				2C232667279612F600995593 /* Explore */,
				2C232666279612E900995593 /* Details */,
			);
			path = View;
			sourceTree = "<group>";
		};
		2C8233C3278EE51A00AD1DC1 /* Main */ = {
			isa = PBXGroup;
			children = (
				2CA5726D278CE65B00AEFDDB /* ContentView.swift */,
			);
			path = Main;
			sourceTree = "<group>";
		};
		2CA5725F278CE65B00AEFDDB = {
			isa = PBXGroup;
			children = (
				2CA5726A278CE65B00AEFDDB /* Resources */,
				2CA57269278CE65B00AEFDDB /* Products */,
			);
			sourceTree = "<group>";
		};
		2CA57269278CE65B00AEFDDB /* Products */ = {
			isa = PBXGroup;
			children = (
				2CA57268278CE65B00AEFDDB /* AirBooking-SwiftUI.app */,
			);
			name = Products;
			sourceTree = "<group>";
		};
		2CA5726A278CE65B00AEFDDB /* Resources */ = {
			isa = PBXGroup;
			children = (
				2CA5726B278CE65B00AEFDDB /* AirBooking_SwiftUIApp.swift */,
				2C8233BC278EE48200AD1DC1 /* Library */,
				2C8233BD278EE49100AD1DC1 /* Screens */,
				2CA5726F278CE65D00AEFDDB /* Assets.xcassets */,
				2CA57271278CE65D00AEFDDB /* Preview Content */,
			);
			path = Resources;
			sourceTree = "<group>";
		};
		2CA57271278CE65D00AEFDDB /* Preview Content */ = {
			isa = PBXGroup;
			children = (
				2CA57272278CE65D00AEFDDB /* Preview Assets.xcassets */,
			);
			path = "Preview Content";
			sourceTree = "<group>";
		};
/* End PBXGroup section */

/* Begin PBXNativeTarget section */
		2CA57267278CE65B00AEFDDB /* AirBooking-SwiftUI */ = {
			isa = PBXNativeTarget;
			buildConfigurationList = 2CA57276278CE65D00AEFDDB /* Build configuration list for PBXNativeTarget "AirBooking-SwiftUI" */;
			buildPhases = (
				2CA57264278CE65B00AEFDDB /* Sources */,
				2CA57265278CE65B00AEFDDB /* Frameworks */,
				2CA57266278CE65B00AEFDDB /* Resources */,
			);
			buildRules = (
			);
			dependencies = (
			);
			name = "AirBooking-SwiftUI";
			productName = "AirlineBooking-SwiftUI";
			productReference = 2CA57268278CE65B00AEFDDB /* AirBooking-SwiftUI.app */;
			productType = "com.apple.product-type.application";
		};
/* End PBXNativeTarget section */

/* Begin PBXProject section */
		2CA57260278CE65B00AEFDDB /* Project object */ = {
			isa = PBXProject;
			attributes = {
				BuildIndependentTargetsInParallel = 1;
				LastSwiftUpdateCheck = 1320;
				LastUpgradeCheck = 1320;
				TargetAttributes = {
					2CA57267278CE65B00AEFDDB = {
						CreatedOnToolsVersion = 13.2.1;
					};
				};
			};
			buildConfigurationList = 2CA57263278CE65B00AEFDDB /* Build configuration list for PBXProject "AirBooking-SwiftUI" */;
			compatibilityVersion = "Xcode 13.0";
			developmentRegion = en;
			hasScannedForEncodings = 0;
			knownRegions = (
				en,
				Base,
			);
			mainGroup = 2CA5725F278CE65B00AEFDDB;
			productRefGroup = 2CA57269278CE65B00AEFDDB /* Products */;
			projectDirPath = "";
			projectRoot = "";
			targets = (
				2CA57267278CE65B00AEFDDB /* AirBooking-SwiftUI */,
			);
		};
/* End PBXProject section */

/* Begin PBXResourcesBuildPhase section */
		2CA57266278CE65B00AEFDDB /* Resources */ = {
			isa = PBXResourcesBuildPhase;
			buildActionMask = 2147483647;
			files = (
				2CA57273278CE65D00AEFDDB /* Preview Assets.xcassets in Resources */,
				2CA57270278CE65D00AEFDDB /* Assets.xcassets in Resources */,
			);
			runOnlyForDeploymentPostprocessing = 0;
		};
/* End PBXResourcesBuildPhase section */

/* Begin PBXSourcesBuildPhase section */
		2CA57264278CE65B00AEFDDB /* Sources */ = {
			isa = PBXSourcesBuildPhase;
			buildActionMask = 2147483647;
			files = (
				2C8233BB278EE44C00AD1DC1 /* ExploreView.swift in Sources */,
				2C8233B9278EE43D00AD1DC1 /* DetailsView.swift in Sources */,
				2CA5726E278CE65B00AEFDDB /* ContentView.swift in Sources */,
				2CA5727E278CEF1200AEFDDB /* Category.swift in Sources */,
				2CA5727A278CE6F700AEFDDB /* LocationView.swift in Sources */,
				2C2326692796157400995593 /* Details.swift in Sources */,
				2CA5727C278CE89500AEFDDB /* Location.swift in Sources */,
				2CA5726C278CE65B00AEFDDB /* AirBooking_SwiftUIApp.swift in Sources */,
				2C2326642796066900995593 /* Popular.swift in Sources */,
			);
			runOnlyForDeploymentPostprocessing = 0;
		};
/* End PBXSourcesBuildPhase section */

/* Begin XCBuildConfiguration section */
		2CA57274278CE65D00AEFDDB /* Debug */ = {
			isa = XCBuildConfiguration;
			buildSettings = {
				ALWAYS_SEARCH_USER_PATHS = NO;
				CLANG_ANALYZER_NONNULL = YES;
				CLANG_ANALYZER_NUMBER_OBJECT_CONVERSION = YES_AGGRESSIVE;
				CLANG_CXX_LANGUAGE_STANDARD = "gnu++17";
				CLANG_CXX_LIBRARY = "libc++";
				CLANG_ENABLE_MODULES = YES;
				CLANG_ENABLE_OBJC_ARC = YES;
				CLANG_ENABLE_OBJC_WEAK = YES;
				CLANG_WARN_BLOCK_CAPTURE_AUTORELEASING = YES;
				CLANG_WARN_BOOL_CONVERSION = YES;
				CLANG_WARN_COMMA = YES;
				CLANG_WARN_CONSTANT_CONVERSION = YES;
				CLANG_WARN_DEPRECATED_OBJC_IMPLEMENTATIONS = YES;
				CLANG_WARN_DIRECT_OBJC_ISA_USAGE = YES_ERROR;
				CLANG_WARN_DOCUMENTATION_COMMENTS = YES;
				CLANG_WARN_EMPTY_BODY = YES;
				CLANG_WARN_ENUM_CONVERSION = YES;
				CLANG_WARN_INFINITE_RECURSION = YES;
				CLANG_WARN_INT_CONVERSION = YES;
				CLANG_WARN_NON_LITERAL_NULL_CONVERSION = YES;
				CLANG_WARN_OBJC_IMPLICIT_RETAIN_SELF = YES;
				CLANG_WARN_OBJC_LITERAL_CONVERSION = YES;
				CLANG_WARN_OBJC_ROOT_CLASS = YES_ERROR;
				CLANG_WARN_QUOTED_INCLUDE_IN_FRAMEWORK_HEADER = YES;
				CLANG_WARN_RANGE_LOOP_ANALYSIS = YES;
				CLANG_WARN_STRICT_PROTOTYPES = YES;
				CLANG_WARN_SUSPICIOUS_MOVE = YES;
				CLANG_WARN_UNGUARDED_AVAILABILITY = YES_AGGRESSIVE;
				CLANG_WARN_UNREACHABLE_CODE = YES;
				CLANG_WARN__DUPLICATE_METHOD_MATCH = YES;
				COPY_PHASE_STRIP = NO;
				DEBUG_INFORMATION_FORMAT = dwarf;
				ENABLE_STRICT_OBJC_MSGSEND = YES;
				ENABLE_TESTABILITY = YES;
				GCC_C_LANGUAGE_STANDARD = gnu11;
				GCC_DYNAMIC_NO_PIC = NO;
				GCC_NO_COMMON_BLOCKS = YES;
				GCC_OPTIMIZATION_LEVEL = 0;
				GCC_PREPROCESSOR_DEFINITIONS = (
					"DEBUG=1",
					"$(inherited)",
				);
				GCC_WARN_64_TO_32_BIT_CONVERSION = YES;
				GCC_WARN_ABOUT_RETURN_TYPE = YES_ERROR;
				GCC_WARN_UNDECLARED_SELECTOR = YES;
				GCC_WARN_UNINITIALIZED_AUTOS = YES_AGGRESSIVE;
				GCC_WARN_UNUSED_FUNCTION = YES;
				GCC_WARN_UNUSED_VARIABLE = YES;
				IPHONEOS_DEPLOYMENT_TARGET = 15.2;
				MTL_ENABLE_DEBUG_INFO = INCLUDE_SOURCE;
				MTL_FAST_MATH = YES;
				ONLY_ACTIVE_ARCH = YES;
				SDKROOT = iphoneos;
				SWIFT_ACTIVE_COMPILATION_CONDITIONS = DEBUG;
				SWIFT_OPTIMIZATION_LEVEL = "-Onone";
			};
			name = Debug;
		};
		2CA57275278CE65D00AEFDDB /* Release */ = {
			isa = XCBuildConfiguration;
			buildSettings = {
				ALWAYS_SEARCH_USER_PATHS = NO;
				CLANG_ANALYZER_NONNULL = YES;
				CLANG_ANALYZER_NUMBER_OBJECT_CONVERSION = YES_AGGRESSIVE;
				CLANG_CXX_LANGUAGE_STANDARD = "gnu++17";
				CLANG_CXX_LIBRARY = "libc++";
				CLANG_ENABLE_MODULES = YES;
				CLANG_ENABLE_OBJC_ARC = YES;
				CLANG_ENABLE_OBJC_WEAK = YES;
				CLANG_WARN_BLOCK_CAPTURE_AUTORELEASING = YES;
				CLANG_WARN_BOOL_CONVERSION = YES;
				CLANG_WARN_COMMA = YES;
				CLANG_WARN_CONSTANT_CONVERSION = YES;
				CLANG_WARN_DEPRECATED_OBJC_IMPLEMENTATIONS = YES;
				CLANG_WARN_DIRECT_OBJC_ISA_USAGE = YES_ERROR;
				CLANG_WARN_DOCUMENTATION_COMMENTS = YES;
				CLANG_WARN_EMPTY_BODY = YES;
				CLANG_WARN_ENUM_CONVERSION = YES;
				CLANG_WARN_INFINITE_RECURSION = YES;
				CLANG_WARN_INT_CONVERSION = YES;
				CLANG_WARN_NON_LITERAL_NULL_CONVERSION = YES;
				CLANG_WARN_OBJC_IMPLICIT_RETAIN_SELF = YES;
				CLANG_WARN_OBJC_LITERAL_CONVERSION = YES;
				CLANG_WARN_OBJC_ROOT_CLASS = YES_ERROR;
				CLANG_WARN_QUOTED_INCLUDE_IN_FRAMEWORK_HEADER = YES;
				CLANG_WARN_RANGE_LOOP_ANALYSIS = YES;
				CLANG_WARN_STRICT_PROTOTYPES = YES;
				CLANG_WARN_SUSPICIOUS_MOVE = YES;
				CLANG_WARN_UNGUARDED_AVAILABILITY = YES_AGGRESSIVE;
				CLANG_WARN_UNREACHABLE_CODE = YES;
				CLANG_WARN__DUPLICATE_METHOD_MATCH = YES;
				COPY_PHASE_STRIP = NO;
				DEBUG_INFORMATION_FORMAT = "dwarf-with-dsym";
				ENABLE_NS_ASSERTIONS = NO;
				ENABLE_STRICT_OBJC_MSGSEND = YES;
				GCC_C_LANGUAGE_STANDARD = gnu11;
				GCC_NO_COMMON_BLOCKS = YES;
				GCC_WARN_64_TO_32_BIT_CONVERSION = YES;
				GCC_WARN_ABOUT_RETURN_TYPE = YES_ERROR;
				GCC_WARN_UNDECLARED_SELECTOR = YES;
				GCC_WARN_UNINITIALIZED_AUTOS = YES_AGGRESSIVE;
				GCC_WARN_UNUSED_FUNCTION = YES;
				GCC_WARN_UNUSED_VARIABLE = YES;
				IPHONEOS_DEPLOYMENT_TARGET = 15.2;
				MTL_ENABLE_DEBUG_INFO = NO;
				MTL_FAST_MATH = YES;
				SDKROOT = iphoneos;
				SWIFT_COMPILATION_MODE = wholemodule;
				SWIFT_OPTIMIZATION_LEVEL = "-O";
				VALIDATE_PRODUCT = YES;
			};
			name = Release;
		};
		2CA57277278CE65D00AEFDDB /* Debug */ = {
			isa = XCBuildConfiguration;
			buildSettings = {
				ASSETCATALOG_COMPILER_APPICON_NAME = AppIcon;
				ASSETCATALOG_COMPILER_GLOBAL_ACCENT_COLOR_NAME = AccentColor;
				CODE_SIGN_STYLE = Automatic;
				CURRENT_PROJECT_VERSION = 1;
				DEVELOPMENT_ASSET_PATHS = "";
				DEVELOPMENT_TEAM = XT6726KZ8H;
				ENABLE_PREVIEWS = YES;
				GENERATE_INFOPLIST_FILE = YES;
				INFOPLIST_KEY_UIApplicationSceneManifest_Generation = YES;
				INFOPLIST_KEY_UIApplicationSupportsIndirectInputEvents = YES;
				INFOPLIST_KEY_UILaunchScreen_Generation = YES;
				INFOPLIST_KEY_UISupportedInterfaceOrientations_iPad = "UIInterfaceOrientationPortrait UIInterfaceOrientationPortraitUpsideDown UIInterfaceOrientationLandscapeLeft UIInterfaceOrientationLandscapeRight";
				INFOPLIST_KEY_UISupportedInterfaceOrientations_iPhone = "UIInterfaceOrientationPortrait UIInterfaceOrientationLandscapeLeft UIInterfaceOrientationLandscapeRight";
				LD_RUNPATH_SEARCH_PATHS = (
					"$(inherited)",
					"@executable_path/Frameworks",
				);
				MARKETING_VERSION = 1.0;
				PRODUCT_BUNDLE_IDENTIFIER = "com.iyezanApp.AirBooking-SwiftUI";
				PRODUCT_NAME = "AirBooking-SwiftUI";
				SWIFT_EMIT_LOC_STRINGS = YES;
				SWIFT_VERSION = 5.0;
				TARGETED_DEVICE_FAMILY = 1;
			};
			name = Debug;
		};
		2CA57278278CE65D00AEFDDB /* Release */ = {
			isa = XCBuildConfiguration;
			buildSettings = {
				ASSETCATALOG_COMPILER_APPICON_NAME = AppIcon;
				ASSETCATALOG_COMPILER_GLOBAL_ACCENT_COLOR_NAME = AccentColor;
				CODE_SIGN_STYLE = Automatic;
				CURRENT_PROJECT_VERSION = 1;
				DEVELOPMENT_ASSET_PATHS = "AirBooking-SwiftUI/Preview";
				DEVELOPMENT_TEAM = XT6726KZ8H;
				ENABLE_PREVIEWS = YES;
				GENERATE_INFOPLIST_FILE = YES;
				INFOPLIST_KEY_UIApplicationSceneManifest_Generation = YES;
				INFOPLIST_KEY_UIApplicationSupportsIndirectInputEvents = YES;
				INFOPLIST_KEY_UILaunchScreen_Generation = YES;
				INFOPLIST_KEY_UISupportedInterfaceOrientations_iPad = "UIInterfaceOrientationPortrait UIInterfaceOrientationPortraitUpsideDown UIInterfaceOrientationLandscapeLeft UIInterfaceOrientationLandscapeRight";
				INFOPLIST_KEY_UISupportedInterfaceOrientations_iPhone = "UIInterfaceOrientationPortrait UIInterfaceOrientationLandscapeLeft UIInterfaceOrientationLandscapeRight";
				LD_RUNPATH_SEARCH_PATHS = (
					"$(inherited)",
					"@executable_path/Frameworks",
				);
				MARKETING_VERSION = 1.0;
				PRODUCT_BUNDLE_IDENTIFIER = "com.iyezanApp.AirBooking-SwiftUI";
				PRODUCT_NAME = "AirBooking-SwiftUI";
				SWIFT_EMIT_LOC_STRINGS = YES;
				SWIFT_VERSION = 5.0;
				TARGETED_DEVICE_FAMILY = 1;
			};
			name = Release;
		};
/* End XCBuildConfiguration section */

/* Begin XCConfigurationList section */
		2CA57263278CE65B00AEFDDB /* Build configuration list for PBXProject "AirBooking-SwiftUI" */ = {
			isa = XCConfigurationList;
			buildConfigurations = (
				2CA57274278CE65D00AEFDDB /* Debug */,
				2CA57275278CE65D00AEFDDB /* Release */,
			);
			defaultConfigurationIsVisible = 0;
			defaultConfigurationName = Release;
		};
		2CA57276278CE65D00AEFDDB /* Build configuration list for PBXNativeTarget "AirBooking-SwiftUI" */ = {
			isa = XCConfigurationList;
			buildConfigurations = (
				2CA57277278CE65D00AEFDDB /* Debug */,
				2CA57278278CE65D00AEFDDB /* Release */,
			);
			defaultConfigurationIsVisible = 0;
			defaultConfigurationName = Release;
		};
/* End XCConfigurationList section */
	};
	rootObject = 2CA57260278CE65B00AEFDDB /* Project object */;
}
